
Microsoft Visual Studio Solution File, Format Version 12.00
# Visual Studio Version 17
VisualStudioVersion = 17.0.31903.59
MinimumVisualStudioVersion = 10.0.40219.1
Project("{2150E333-8FDC-42A3-9474-1A3956D46DE8}") = "src", "src", "{827E0CD3-B72D-47B6-A68D-7590B98EB39B}"
EndProject
Project("{FAE04EC0-301F-11D3-BF4B-00C04F79EFBC}") = "AIAudit.Domain", "src\AIAudit.Domain\AIAudit.Domain.csproj", "{83DF5859-DCD6-43CA-9F07-907CB0CF9588}"
EndProject
Project("{FAE04EC0-301F-11D3-BF4B-00C04F79EFBC}") = "AIAudit.Application", "src\AIAudit.Application\AIAudit.Application.csproj", "{20427DB8-6ABC-4C9F-BCFD-C455933EC429}"
EndProject
Project("{FAE04EC0-301F-11D3-BF4B-00C04F79EFBC}") = "AIAudit.Infrastructure", "src\AIAudit.Infrastructure\AIAudit.Infrastructure.csproj", "{26027C5E-3212-44A4-A25F-9D2286DDE411}"
EndProject
Project("{FAE04EC0-301F-11D3-BF4B-00C04F79EFBC}") = "AIAudit.WebApi", "src\AIAudit.WebApi\AIAudit.WebApi.csproj", "{50A6DC44-1BB1-46C7-85C8-A5ACD460AB5B}"
EndProject
Global
	GlobalSection(SolutionConfigurationPlatforms) = preSolution
		Debug|Any CPU = Debug|Any CPU
		Debug|x64 = Debug|x64
		Debug|x86 = Debug|x86
		Release|Any CPU = Release|Any CPU
		Release|x64 = Release|x64
		Release|x86 = Release|x86
	EndGlobalSection
	GlobalSection(ProjectConfigurationPlatforms) = postSolution
		{83DF5859-DCD6-43CA-9F07-907CB0CF9588}.Debug|Any CPU.ActiveCfg = Debug|Any CPU
		{83DF5859-DCD6-43CA-9F07-907CB0CF9588}.Debug|Any CPU.Build.0 = Debug|Any CPU
		{83DF5859-DCD6-43CA-9F07-907CB0CF9588}.Debug|x64.ActiveCfg = Debug|Any CPU
		{83DF5859-DCD6-43CA-9F07-907CB0CF9588}.Debug|x64.Build.0 = Debug|Any CPU
		{83DF5859-DCD6-43CA-9F07-907CB0CF9588}.Debug|x86.ActiveCfg = Debug|Any CPU
		{83DF5859-DCD6-43CA-9F07-907CB0CF9588}.Debug|x86.Build.0 = Debug|Any CPU
		{83DF5859-DCD6-43CA-9F07-907CB0CF9588}.Release|Any CPU.ActiveCfg = Release|Any CPU
		{83DF5859-DCD6-43CA-9F07-907CB0CF9588}.Release|Any CPU.Build.0 = Release|Any CPU
		{83DF5859-DCD6-43CA-9F07-907CB0CF9588}.Release|x64.ActiveCfg = Release|Any CPU
		{83DF5859-DCD6-43CA-9F07-907CB0CF9588}.Release|x64.Build.0 = Release|Any CPU
		{83DF5859-DCD6-43CA-9F07-907CB0CF9588}.Release|x86.ActiveCfg = Release|Any CPU
		{83DF5859-DCD6-43CA-9F07-907CB0CF9588}.Release|x86.Build.0 = Release|Any CPU
		{20427DB8-6ABC-4C9F-BCFD-C455933EC429}.Debug|Any CPU.ActiveCfg = Debug|Any CPU
		{20427DB8-6ABC-4C9F-BCFD-C455933EC429}.Debug|Any CPU.Build.0 = Debug|Any CPU
		{20427DB8-6ABC-4C9F-BCFD-C455933EC429}.Debug|x64.ActiveCfg = Debug|Any CPU
		{20427DB8-6ABC-4C9F-BCFD-C455933EC429}.Debug|x64.Build.0 = Debug|Any CPU
		{20427DB8-6ABC-4C9F-BCFD-C455933EC429}.Debug|x86.ActiveCfg = Debug|Any CPU
		{20427DB8-6ABC-4C9F-BCFD-C455933EC429}.Debug|x86.Build.0 = Debug|Any CPU
		{20427DB8-6ABC-4C9F-BCFD-C455933EC429}.Release|Any CPU.ActiveCfg = Release|Any CPU
		{20427DB8-6ABC-4C9F-BCFD-C455933EC429}.Release|Any CPU.Build.0 = Release|Any CPU
		{20427DB8-6ABC-4C9F-BCFD-C455933EC429}.Release|x64.ActiveCfg = Release|Any CPU
		{20427DB8-6ABC-4C9F-BCFD-C455933EC429}.Release|x64.Build.0 = Release|Any CPU
		{20427DB8-6ABC-4C9F-BCFD-C455933EC429}.Release|x86.ActiveCfg = Release|Any CPU
		{20427DB8-6ABC-4C9F-BCFD-C455933EC429}.Release|x86.Build.0 = Release|Any CPU
		{26027C5E-3212-44A4-A25F-9D2286DDE411}.Debug|Any CPU.ActiveCfg = Debug|Any CPU
		{26027C5E-3212-44A4-A25F-9D2286DDE411}.Debug|Any CPU.Build.0 = Debug|Any CPU
		{26027C5E-3212-44A4-A25F-9D2286DDE411}.Debug|x64.ActiveCfg = Debug|Any CPU
		{26027C5E-3212-44A4-A25F-9D2286DDE411}.Debug|x64.Build.0 = Debug|Any CPU
		{26027C5E-3212-44A4-A25F-9D2286DDE411}.Debug|x86.ActiveCfg = Debug|Any CPU
		{26027C5E-3212-44A4-A25F-9D2286DDE411}.Debug|x86.Build.0 = Debug|Any CPU
		{26027C5E-3212-44A4-A25F-9D2286DDE411}.Release|Any CPU.ActiveCfg = Release|Any CPU
		{26027C5E-3212-44A4-A25F-9D2286DDE411}.Release|Any CPU.Build.0 = Release|Any CPU
		{26027C5E-3212-44A4-A25F-9D2286DDE411}.Release|x64.ActiveCfg = Release|Any CPU
		{26027C5E-3212-44A4-A25F-9D2286DDE411}.Release|x64.Build.0 = Release|Any CPU
		{26027C5E-3212-44A4-A25F-9D2286DDE411}.Release|x86.ActiveCfg = Release|Any CPU
		{26027C5E-3212-44A4-A25F-9D2286DDE411}.Release|x86.Build.0 = Release|Any CPU
		{50A6DC44-1BB1-46C7-85C8-A5ACD460AB5B}.Debug|Any CPU.ActiveCfg = Debug|Any CPU
		{50A6DC44-1BB1-46C7-85C8-A5ACD460AB5B}.Debug|Any CPU.Build.0 = Debug|Any CPU
		{50A6DC44-1BB1-46C7-85C8-A5ACD460AB5B}.Debug|x64.ActiveCfg = Debug|Any CPU
		{50A6DC44-1BB1-46C7-85C8-A5ACD460AB5B}.Debug|x64.Build.0 = Debug|Any CPU
		{50A6DC44-1BB1-46C7-85C8-A5ACD460AB5B}.Debug|x86.ActiveCfg = Debug|Any CPU
		{50A6DC44-1BB1-46C7-85C8-A5ACD460AB5B}.Debug|x86.Build.0 = Debug|Any CPU
		{50A6DC44-1BB1-46C7-85C8-A5ACD460AB5B}.Release|Any CPU.ActiveCfg = Release|Any CPU
		{50A6DC44-1BB1-46C7-85C8-A5ACD460AB5B}.Release|Any CPU.Build.0 = Release|Any CPU
		{50A6DC44-1BB1-46C7-85C8-A5ACD460AB5B}.Release|x64.ActiveCfg = Release|Any CPU
		{50A6DC44-1BB1-46C7-85C8-A5ACD460AB5B}.Release|x64.Build.0 = Release|Any CPU
		{50A6DC44-1BB1-46C7-85C8-A5ACD460AB5B}.Release|x86.ActiveCfg = Release|Any CPU
		{50A6DC44-1BB1-46C7-85C8-A5ACD460AB5B}.Release|x86.Build.0 = Release|Any CPU
	EndGlobalSection
	GlobalSection(SolutionProperties) = preSolution
		HideSolutionNode = FALSE
	EndGlobalSection
	GlobalSection(NestedProjects) = preSolution
		{83DF5859-DCD6-43CA-9F07-907CB0CF9588} = {827E0CD3-B72D-47B6-A68D-7590B98EB39B}
		{20427DB8-6ABC-4C9F-BCFD-C455933EC429} = {827E0CD3-B72D-47B6-A68D-7590B98EB39B}
		{26027C5E-3212-44A4-A25F-9D2286DDE411} = {827E0CD3-B72D-47B6-A68D-7590B98EB39B}
		{50A6DC44-1BB1-46C7-85C8-A5ACD460AB5B} = {827E0CD3-B72D-47B6-A68D-7590B98EB39B}
	EndGlobalSection
EndGlobal
